
Microsoft Visual Studio Solution File, Format Version 12.00
# Visual Studio Version 17
VisualStudioVersion = 17.0.31919.166
MinimumVisualStudioVersion = 10.0.40219.1
Project("{FAE04EC0-301F-11D3-BF4B-00C04F79EFBC}") = "Demo_Project_4REST_API_Course", "Demo_Project_4REST_API_Course\Demo_Project_4REST_API_Course.csproj", "{ED38E64D-BC1C-4A67-8468-470CCFFCE863}"
EndProject
Global
	GlobalSection(SolutionConfigurationPlatforms) = preSolution
		Debug|Any CPU = Debug|Any CPU
		Release|Any CPU = Release|Any CPU
	EndGlobalSection
	GlobalSection(ProjectConfigurationPlatforms) = postSolution
		{ED38E64D-BC1C-4A67-8468-470CCFFCE863}.Debug|Any CPU.ActiveCfg = Debug|Any CPU
		{ED38E64D-BC1C-4A67-8468-470CCFFCE863}.Debug|Any CPU.Build.0 = Debug|Any CPU
		{ED38E64D-BC1C-4A67-8468-470CCFFCE863}.Release|Any CPU.ActiveCfg = Release|Any CPU
		{ED38E64D-BC1C-4A67-8468-470CCFFCE863}.Release|Any CPU.Build.0 = Release|Any CPU
	EndGlobalSection
	GlobalSection(SolutionProperties) = preSolution
		HideSolutionNode = FALSE
	EndGlobalSection
	GlobalSection(ExtensibilityGlobals) = postSolution
		SolutionGuid = {86ECEF05-D42C-44F7-B787-806DD73ECA9D}
	EndGlobalSection
EndGlobal
